
Microsoft Visual Studio Solution File, Format Version 12.00
# Visual Studio 15
VisualStudioVersion = 15.0.28307.102
MinimumVisualStudioVersion = 10.0.40219.1
Project("{FAE04EC0-301F-11D3-BF4B-00C04F79EFBC}") = "GTAV_Lobby_Leaver", "GTAV_Lobby_Leaver\GTAV_Lobby_Leaver.csproj", "{EB3D32B7-11B6-4F62-9060-09257C7DB3FC}"
EndProject
Global
	GlobalSection(SolutionConfigurationPlatforms) = preSolution
		Debug|Any CPU = Debug|Any CPU
		Release|Any CPU = Release|Any CPU
	EndGlobalSection
	GlobalSection(ProjectConfigurationPlatforms) = postSolution
		{EB3D32B7-11B6-4F62-9060-09257C7DB3FC}.Debug|Any CPU.ActiveCfg = Debug|Any CPU
		{EB3D32B7-11B6-4F62-9060-09257C7DB3FC}.Debug|Any CPU.Build.0 = Debug|Any CPU
		{EB3D32B7-11B6-4F62-9060-09257C7DB3FC}.Release|Any CPU.ActiveCfg = Release|Any CPU
		{EB3D32B7-11B6-4F62-9060-09257C7DB3FC}.Release|Any CPU.Build.0 = Release|Any CPU
	EndGlobalSection
	GlobalSection(SolutionProperties) = preSolution
		HideSolutionNode = FALSE
	EndGlobalSection
	GlobalSection(ExtensibilityGlobals) = postSolution
		SolutionGuid = {D62441C2-892D-4A40-9052-8596EDAC485F}
	EndGlobalSection
EndGlobal
